
Microsoft Visual Studio Solution File, Format Version 12.00
# Visual Studio Version 16
VisualStudioVersion = 16.0.31105.61
MinimumVisualStudioVersion = 10.0.40219.1
Project("{FAE04EC0-301F-11D3-BF4B-00C04F79EFBC}") = "InAndOut", "InAndOut.csproj", "{078AC554-B4CF-446C-B5C6-02F85D05C09B}"
EndProject
Global
	GlobalSection(SolutionConfigurationPlatforms) = preSolution
		Debug|Any CPU = Debug|Any CPU
		Release|Any CPU = Release|Any CPU
	EndGlobalSection
	GlobalSection(ProjectConfigurationPlatforms) = postSolution
		{078AC554-B4CF-446C-B5C6-02F85D05C09B}.Debug|Any CPU.ActiveCfg = Debug|Any CPU
		{078AC554-B4CF-446C-B5C6-02F85D05C09B}.Debug|Any CPU.Build.0 = Debug|Any CPU
		{078AC554-B4CF-446C-B5C6-02F85D05C09B}.Release|Any CPU.ActiveCfg = Release|Any CPU
		{078AC554-B4CF-446C-B5C6-02F85D05C09B}.Release|Any CPU.Build.0 = Release|Any CPU
	EndGlobalSection
	GlobalSection(SolutionProperties) = preSolution
		HideSolutionNode = FALSE
	EndGlobalSection
	GlobalSection(ExtensibilityGlobals) = postSolution
		SolutionGuid = {51A15768-7E95-442A-8A46-1BFB7E08A9D6}
	EndGlobalSection
EndGlobal
